
Microsoft Visual Studio Solution File, Format Version 12.00
# Visual Studio 15
VisualStudioVersion = 15.0.27703.2042
MinimumVisualStudioVersion = 10.0.40219.1
Project("{FAE04EC0-301F-11D3-BF4B-00C04F79EFBC}") = "HMR.Api", "HMR.Api\HMR.Api.csproj", "{1D15F092-AE00-4C03-9DB4-BBA4458F2C0D}"
EndProject
Global
	GlobalSection(SolutionConfigurationPlatforms) = preSolution
		Debug|Any CPU = Debug|Any CPU
		Release|Any CPU = Release|Any CPU
	EndGlobalSection
	GlobalSection(ProjectConfigurationPlatforms) = postSolution
		{1D15F092-AE00-4C03-9DB4-BBA4458F2C0D}.Debug|Any CPU.ActiveCfg = Debug|Any CPU
		{1D15F092-AE00-4C03-9DB4-BBA4458F2C0D}.Debug|Any CPU.Build.0 = Debug|Any CPU
		{1D15F092-AE00-4C03-9DB4-BBA4458F2C0D}.Release|Any CPU.ActiveCfg = Release|Any CPU
		{1D15F092-AE00-4C03-9DB4-BBA4458F2C0D}.Release|Any CPU.Build.0 = Release|Any CPU
	EndGlobalSection
	GlobalSection(SolutionProperties) = preSolution
		HideSolutionNode = FALSE
	EndGlobalSection
	GlobalSection(ExtensibilityGlobals) = postSolution
		SolutionGuid = {F013EE6D-1829-4DAF-AE4B-919517C51F9B}
	EndGlobalSection
EndGlobal
